{
  "name": "idea",
  "version": "1.0.0",
  "lockfileVersion": 3,
  "requires": true,
  "packages": {
    "": {
      "name": "idea",
      "version": "1.0.0",
      "license": "ISC",
      "dependencies": {
        "audiomotion-analyzer": "^4.4.0",
        "flipdown": "^0.3.2",
        "wave-visualizer": "^1.0.6"
      }
    },
    "node_modules/audiomotion-analyzer": {
      "version": "4.4.0",
      "resolved": "https://registry.npmjs.org/audiomotion-analyzer/-/audiomotion-analyzer-4.4.0.tgz",
      "integrity": "sha512-vba/mHQPF31NkLD+5K/0yRcmd33aaBqKx0T48dav/vc+2AQAizHCMFLxROTsVE27HsGdacwC9H1DsV3YazeKwA==",
      "funding": {
        "type": "Ko-fi",
        "url": "https://ko-fi.com/hvianna"
      }
    },
    "node_modules/flipdown": {
      "version": "0.3.2",
      "resolved": "https://registry.npmjs.org/flipdown/-/flipdown-0.3.2.tgz",
      "integrity": "sha512-WR+NS6iAHcz8F3McMrxydkGVKE7y2H77STSVUa84czj3uwqjcB2EPM6v9XA98eFr8YU1FEfqqYitdl89pMZnJw=="
    },
    "node_modules/wave-visualizer": {
      "version": "1.0.6",
      "resolved": "https://registry.npmjs.org/wave-visualizer/-/wave-visualizer-1.0.6.tgz",
      "integrity": "sha512-2vTpXAc60qE7UNY0k0i7ty7sbZXLkOXivxNN7RRz1+G9STzPCfoKrda8rFM5f/vRw6JmXu8qV5CTfAAQrnlmHg=="
    }
  }
}
